
Microsoft Visual Studio Solution File, Format Version 12.00
# Visual Studio Version 17
VisualStudioVersion = 17.7.34024.191
MinimumVisualStudioVersion = 10.0.40219.1
Project("{FAE04EC0-301F-11D3-BF4B-00C04F79EFBC}") = "Electronic Reciept Management System", "Electronic Reciept Management System\Electronic Reciept Management System.csproj", "{08AA09B5-215A-4640-90C7-A56219797D9C}"
EndProject
Global
	GlobalSection(SolutionConfigurationPlatforms) = preSolution
		Debug|Any CPU = Debug|Any CPU
		Release|Any CPU = Release|Any CPU
	EndGlobalSection
	GlobalSection(ProjectConfigurationPlatforms) = postSolution
		{08AA09B5-215A-4640-90C7-A56219797D9C}.Debug|Any CPU.ActiveCfg = Debug|Any CPU
		{08AA09B5-215A-4640-90C7-A56219797D9C}.Debug|Any CPU.Build.0 = Debug|Any CPU
		{08AA09B5-215A-4640-90C7-A56219797D9C}.Release|Any CPU.ActiveCfg = Release|Any CPU
		{08AA09B5-215A-4640-90C7-A56219797D9C}.Release|Any CPU.Build.0 = Release|Any CPU
	EndGlobalSection
	GlobalSection(SolutionProperties) = preSolution
		HideSolutionNode = FALSE
	EndGlobalSection
	GlobalSection(ExtensibilityGlobals) = postSolution
		SolutionGuid = {C5C29421-38B6-4828-A1A1-347603719AF7}
	EndGlobalSection
EndGlobal
